<?xml version="1.0" encoding="utf-8"?>
<Project ToolsVersion="4.0" xmlns="http://schemas.microsoft.com/developer/msbuild/2003">
  <ItemGroup>
    <Filter Include="Pliki źródłowe">
      <UniqueIdentifier>{4FC737F1-C7A5-4376-A066-2A32D752A2FF}</UniqueIdentifier>
      <Extensions>cpp;c;cc;cxx;def;odl;idl;hpj;bat;asm;asmx</Extensions>
    </Filter>
    <Filter Include="Pliki nagłówkowe">
      <UniqueIdentifier>{93995380-89BD-4b04-88EB-625FBE52EBFB}</UniqueIdentifier>
      <Extensions>h;hh;hpp;hxx;hm;inl;inc;xsd</Extensions>
    </Filter>
    <Filter Include="Pliki zasobów">
      <UniqueIdentifier>{67DA6AB6-F800-4c08-8B7A-83BB121AAD01}</UniqueIdentifier>
      <Extensions>rc;ico;cur;bmp;dlg;rc2;rct;bin;rgs;gif;jpg;jpeg;jpe;resx;tiff;tif;png;wav;mfcribbon-ms</Extensions>
    </Filter>
  </ItemGroup>
  <ItemGroup>
    <Text Include="ReadMe.txt" />
  </ItemGroup>
  <ItemGroup>
    <ClInclude Include="stdafx.h">
      <Filter>Pliki nagłówkowe</Filter>
    </ClInclude>
    <ClInclude Include="targetver.h">
      <Filter>Pliki nagłówkowe</Filter>
    </ClInclude>
    <ClInclude Include="Resource.h">
      <Filter>Pliki nagłówkowe</Filter>
    </ClInclude>
    <ClInclude Include="..\..\..\Downloads\SE-section-2---Logic-circuits-master\Current\OUTPUT.H">
      <Filter>Pliki nagłówkowe</Filter>
    </ClInclude>
    <ClInclude Include="..\..\..\Downloads\SE-section-2---Logic-circuits-master\Current\SMALLWIN.H">
      <Filter>Pliki nagłówkowe</Filter>
    </ClInclude>
    <ClInclude Include="..\..\..\Downloads\SE-section-2---Logic-circuits-master\Current\WIRE.H">
      <Filter>Pliki nagłówkowe</Filter>
    </ClInclude>
    <ClInclude Include="..\..\..\Downloads\SE-section-2---Logic-circuits-master\Current\XOR.H">
      <Filter>Pliki nagłówkowe</Filter>
    </ClInclude>
    <ClInclude Include="..\..\..\Downloads\SE-section-2---Logic-circuits-master\Current\AND.H">
      <Filter>Pliki nagłówkowe</Filter>
    </ClInclude>
    <ClInclude Include="..\..\..\Downloads\SE-section-2---Logic-circuits-master\Current\BUTTON.H">
      <Filter>Pliki nagłówkowe</Filter>
    </ClInclude>
    <ClInclude Include="..\..\..\Downloads\SE-section-2---Logic-circuits-master\Current\CONSTBUS.H">
      <Filter>Pliki nagłówkowe</Filter>
    </ClInclude>
    <ClInclude Include="..\..\..\Downloads\SE-section-2---Logic-circuits-master\Current\ELEMENT.H">
      <Filter>Pliki nagłówkowe</Filter>
    </ClInclude>
    <ClInclude Include="..\..\..\Downloads\SE-section-2---Logic-circuits-master\Current\GATE.H">
      <Filter>Pliki nagłówkowe</Filter>
    </ClInclude>
    <ClInclude Include="..\..\..\Downloads\SE-section-2---Logic-circuits-master\Current\INBUS.H">
      <Filter>Pliki nagłówkowe</Filter>
    </ClInclude>
    <ClInclude Include="..\..\..\Downloads\SE-section-2---Logic-circuits-master\Current\JUNCTION.H">
      <Filter>Pliki nagłówkowe</Filter>
    </ClInclude>
    <ClInclude Include="..\..\..\Downloads\SE-section-2---Logic-circuits-master\Current\LOGIC.H">
      <Filter>Pliki nagłówkowe</Filter>
    </ClInclude>
    <ClInclude Include="..\..\..\Downloads\SE-section-2---Logic-circuits-master\Current\MENUBUT.H">
      <Filter>Pliki nagłówkowe</Filter>
    </ClInclude>
    <ClInclude Include="..\..\..\Downloads\SE-section-2---Logic-circuits-master\Current\MODEBUT.H">
      <Filter>Pliki nagłówkowe</Filter>
    </ClInclude>
    <ClInclude Include="..\..\..\Downloads\SE-section-2---Logic-circuits-master\Current\NAND.H">
      <Filter>Pliki nagłówkowe</Filter>
    </ClInclude>
    <ClInclude Include="..\..\..\Downloads\SE-section-2---Logic-circuits-master\Current\NOR.H">
      <Filter>Pliki nagłówkowe</Filter>
    </ClInclude>
    <ClInclude Include="..\..\..\Downloads\SE-section-2---Logic-circuits-master\Current\NOT.H">
      <Filter>Pliki nagłówkowe</Filter>
    </ClInclude>
    <ClInclude Include="..\..\..\Downloads\SE-section-2---Logic-circuits-master\Current\OR.H">
      <Filter>Pliki nagłówkowe</Filter>
    </ClInclude>
    <ClInclude Include="WINDOW.h">
      <Filter>Pliki nagłówkowe</Filter>
    </ClInclude>
  </ItemGroup>
  <ItemGroup>
    <ClCompile Include="stdafx.cpp">
      <Filter>Pliki źródłowe</Filter>
    </ClCompile>
    <ClCompile Include="..\..\..\Downloads\SE-section-2---Logic-circuits-master\Current\AND.CPP">
      <Filter>Pliki źródłowe</Filter>
    </ClCompile>
    <ClCompile Include="..\..\..\Downloads\SE-section-2---Logic-circuits-master\Current\BUTTON.CPP">
      <Filter>Pliki źródłowe</Filter>
    </ClCompile>
    <ClCompile Include="..\..\..\Downloads\SE-section-2---Logic-circuits-master\Current\CONSTBUS.CPP">
      <Filter>Pliki źródłowe</Filter>
    </ClCompile>
    <ClCompile Include="..\..\..\Downloads\SE-section-2---Logic-circuits-master\Current\ELEMENT.CPP">
      <Filter>Pliki źródłowe</Filter>
    </ClCompile>
    <ClCompile Include="..\..\..\Downloads\SE-section-2---Logic-circuits-master\Current\GATE.CPP">
      <Filter>Pliki źródłowe</Filter>
    </ClCompile>
    <ClCompile Include="..\..\..\Downloads\SE-section-2---Logic-circuits-master\Current\INBUS.CPP">
      <Filter>Pliki źródłowe</Filter>
    </ClCompile>
    <ClCompile Include="..\..\..\Downloads\SE-section-2---Logic-circuits-master\Current\JUNCTION.CPP">
      <Filter>Pliki źródłowe</Filter>
    </ClCompile>
    <ClCompile Include="..\..\..\Downloads\SE-section-2---Logic-circuits-master\Current\LOGIC.CPP">
      <Filter>Pliki źródłowe</Filter>
    </ClCompile>
    <ClCompile Include="..\..\..\Downloads\SE-section-2---Logic-circuits-master\Current\MENUBUT.CPP">
      <Filter>Pliki źródłowe</Filter>
    </ClCompile>
    <ClCompile Include="..\..\..\Downloads\SE-section-2---Logic-circuits-master\Current\MODEBUT.CPP">
      <Filter>Pliki źródłowe</Filter>
    </ClCompile>
    <ClCompile Include="..\..\..\Downloads\SE-section-2---Logic-circuits-master\Current\NAND.CPP">
      <Filter>Pliki źródłowe</Filter>
    </ClCompile>
    <ClCompile Include="..\..\..\Downloads\SE-section-2---Logic-circuits-master\Current\NOR.CPP">
      <Filter>Pliki źródłowe</Filter>
    </ClCompile>
    <ClCompile Include="..\..\..\Downloads\SE-section-2---Logic-circuits-master\Current\NOT.CPP">
      <Filter>Pliki źródłowe</Filter>
    </ClCompile>
    <ClCompile Include="..\..\..\Downloads\SE-section-2---Logic-circuits-master\Current\OR.CPP">
      <Filter>Pliki źródłowe</Filter>
    </ClCompile>
    <ClCompile Include="..\..\..\Downloads\SE-section-2---Logic-circuits-master\Current\OUTPUT.CPP">
      <Filter>Pliki źródłowe</Filter>
    </ClCompile>
    <ClCompile Include="..\..\..\Downloads\SE-section-2---Logic-circuits-master\Current\SMALLWIN.CPP">
      <Filter>Pliki źródłowe</Filter>
    </ClCompile>
    <ClCompile Include="..\..\..\Downloads\SE-section-2---Logic-circuits-master\Current\TMP.CPP">
      <Filter>Pliki źródłowe</Filter>
    </ClCompile>
    <ClCompile Include="..\..\..\Downloads\SE-section-2---Logic-circuits-master\Current\WIRE.CPP">
      <Filter>Pliki źródłowe</Filter>
    </ClCompile>
    <ClCompile Include="..\..\..\Downloads\SE-section-2---Logic-circuits-master\Current\XOR.CPP">
      <Filter>Pliki źródłowe</Filter>
    </ClCompile>
    <ClCompile Include="WINDOW.cpp">
      <Filter>Pliki źródłowe</Filter>
    </ClCompile>
  </ItemGroup>
  <ItemGroup>
    <ResourceCompile Include="Logic Circuits.rc">
      <Filter>Pliki zasobów</Filter>
    </ResourceCompile>
  </ItemGroup>
  <ItemGroup>
    <Image Include="small.ico">
      <Filter>Pliki zasobów</Filter>
    </Image>
    <Image Include="Logic Circuits.ico">
      <Filter>Pliki zasobów</Filter>
    </Image>
  </ItemGroup>
</Project>