<?xml version="1.0" encoding="utf-8"?>
<Project ToolsVersion="4.0" xmlns="http://schemas.microsoft.com/developer/msbuild/2003">
  <ItemGroup>
    <Filter Include="Pliki źródłowe">
      <UniqueIdentifier>{4FC737F1-C7A5-4376-A066-2A32D752A2FF}</UniqueIdentifier>
      <Extensions>cpp;c;cc;cxx;def;odl;idl;hpj;bat;asm;asmx</Extensions>
    </Filter>
    <Filter Include="Pliki nagłówkowe">
      <UniqueIdentifier>{93995380-89BD-4b04-88EB-625FBE52EBFB}</UniqueIdentifier>
      <Extensions>h;hh;hpp;hxx;hm;inl;inc;xsd</Extensions>
    </Filter>
    <Filter Include="Pliki zasobów">
      <UniqueIdentifier>{67DA6AB6-F800-4c08-8B7A-83BB121AAD01}</UniqueIdentifier>
      <Extensions>rc;ico;cur;bmp;dlg;rc2;rct;bin;rgs;gif;jpg;jpeg;jpe;resx;tiff;tif;png;wav;mfcribbon-ms</Extensions>
    </Filter>
  </ItemGroup>
  <ItemGroup>
    <Text Include="ReadMe.txt" />
  </ItemGroup>
  <ItemGroup>
    <ResourceCompile Include="Logic Circuits.rc">
      <Filter>Pliki zasobów</Filter>
    </ResourceCompile>
  </ItemGroup>
  <ItemGroup>
    <Image Include="small.ico">
      <Filter>Pliki zasobów</Filter>
    </Image>
    <Image Include="Logic Circuits.ico">
      <Filter>Pliki zasobów</Filter>
    </Image>
  </ItemGroup>
  <ItemGroup>
    <ClInclude Include="AND.H">
      <Filter>Pliki nagłówkowe</Filter>
    </ClInclude>
    <ClInclude Include="BUTTON.H">
      <Filter>Pliki nagłówkowe</Filter>
    </ClInclude>
    <ClInclude Include="CONSTBUS.H">
      <Filter>Pliki nagłówkowe</Filter>
    </ClInclude>
    <ClInclude Include="ELEMENT.H">
      <Filter>Pliki nagłówkowe</Filter>
    </ClInclude>
    <ClInclude Include="GATE.H">
      <Filter>Pliki nagłówkowe</Filter>
    </ClInclude>
    <ClInclude Include="INBUS.H">
      <Filter>Pliki nagłówkowe</Filter>
    </ClInclude>
    <ClInclude Include="JUNCTION.H">
      <Filter>Pliki nagłówkowe</Filter>
    </ClInclude>
    <ClInclude Include="MENUBUT.H">
      <Filter>Pliki nagłówkowe</Filter>
    </ClInclude>
    <ClInclude Include="MODEBUT.H">
      <Filter>Pliki nagłówkowe</Filter>
    </ClInclude>
    <ClInclude Include="NAND.H">
      <Filter>Pliki nagłówkowe</Filter>
    </ClInclude>
    <ClInclude Include="NOR.H">
      <Filter>Pliki nagłówkowe</Filter>
    </ClInclude>
    <ClInclude Include="NOT.H">
      <Filter>Pliki nagłówkowe</Filter>
    </ClInclude>
    <ClInclude Include="OR.H">
      <Filter>Pliki nagłówkowe</Filter>
    </ClInclude>
    <ClInclude Include="OUTPUT.H">
      <Filter>Pliki nagłówkowe</Filter>
    </ClInclude>
    <ClInclude Include="Resource.h">
      <Filter>Pliki nagłówkowe</Filter>
    </ClInclude>
    <ClInclude Include="SMALLWIN.H">
      <Filter>Pliki nagłówkowe</Filter>
    </ClInclude>
    <ClInclude Include="stdafx.h">
      <Filter>Pliki nagłówkowe</Filter>
    </ClInclude>
    <ClInclude Include="targetver.h">
      <Filter>Pliki nagłówkowe</Filter>
    </ClInclude>
    <ClInclude Include="WINDOW.H">
      <Filter>Pliki nagłówkowe</Filter>
    </ClInclude>
    <ClInclude Include="WIRE.H">
      <Filter>Pliki nagłówkowe</Filter>
    </ClInclude>
    <ClInclude Include="XOR.H">
      <Filter>Pliki nagłówkowe</Filter>
    </ClInclude>
  </ItemGroup>
  <ItemGroup>
    <ClCompile Include="AND.CPP">
      <Filter>Pliki źródłowe</Filter>
    </ClCompile>
    <ClCompile Include="BUTTON.CPP">
      <Filter>Pliki źródłowe</Filter>
    </ClCompile>
    <ClCompile Include="CONSTBUS.CPP">
      <Filter>Pliki źródłowe</Filter>
    </ClCompile>
    <ClCompile Include="ELEMENT.CPP">
      <Filter>Pliki źródłowe</Filter>
    </ClCompile>
    <ClCompile Include="GATE.CPP">
      <Filter>Pliki źródłowe</Filter>
    </ClCompile>
    <ClCompile Include="INBUS.CPP">
      <Filter>Pliki źródłowe</Filter>
    </ClCompile>
    <ClCompile Include="JUNCTION.CPP">
      <Filter>Pliki źródłowe</Filter>
    </ClCompile>
    <ClCompile Include="MENUBUT.CPP">
      <Filter>Pliki źródłowe</Filter>
    </ClCompile>
    <ClCompile Include="MODEBUT.CPP">
      <Filter>Pliki źródłowe</Filter>
    </ClCompile>
    <ClCompile Include="NAND.CPP">
      <Filter>Pliki źródłowe</Filter>
    </ClCompile>
    <ClCompile Include="NOR.CPP">
      <Filter>Pliki źródłowe</Filter>
    </ClCompile>
    <ClCompile Include="NOT.CPP">
      <Filter>Pliki źródłowe</Filter>
    </ClCompile>
    <ClCompile Include="OR.CPP">
      <Filter>Pliki źródłowe</Filter>
    </ClCompile>
    <ClCompile Include="OUTPUT.CPP">
      <Filter>Pliki źródłowe</Filter>
    </ClCompile>
    <ClCompile Include="SMALLWIN.CPP">
      <Filter>Pliki źródłowe</Filter>
    </ClCompile>
    <ClCompile Include="stdafx.cpp">
      <Filter>Pliki źródłowe</Filter>
    </ClCompile>
    <ClCompile Include="WINDOW.cpp">
      <Filter>Pliki źródłowe</Filter>
    </ClCompile>
    <ClCompile Include="WIRE.CPP">
      <Filter>Pliki źródłowe</Filter>
    </ClCompile>
    <ClCompile Include="XOR.CPP">
      <Filter>Pliki źródłowe</Filter>
    </ClCompile>
  </ItemGroup>
</Project>